<?xml version="1.0"?>
<Project ToolsVersion="4.0" xmlns="http://schemas.microsoft.com/developer/msbuild/2003">
	<ItemGroup>
		<ClCompile Include="src\ofApp.cpp">
			<Filter>src</Filter>
		</ClCompile>
		<ClCompile Include="src\main.cpp">
			<Filter>src</Filter>
		</ClCompile>
		<ClCompile Include="..\..\..\addons\ofx3DModelLoader\src\3DS\texture3DS.cpp">
			<Filter>addons\ofx3DModelLoader\src\3DS</Filter>
		</ClCompile>
		<ClCompile Include="..\..\..\addons\ofx3DModelLoader\src\3DS\model3DS.cpp">
			<Filter>addons\ofx3DModelLoader\src\3DS</Filter>
		</ClCompile>
		<ClCompile Include="..\..\..\addons\ofx3DModelLoader\src\ofx3dModelLoader.cpp">
			<Filter>addons\ofx3DModelLoader\src</Filter>
		</ClCompile>
		<ClCompile Include="..\..\..\addons\ofxNetwork\src\ofxTCPManager.cpp">
			<Filter>addons\ofxNetwork\src</Filter>
		</ClCompile>
		<ClCompile Include="..\..\..\addons\ofxNetwork\src\ofxUDPManager.cpp">
			<Filter>addons\ofxNetwork\src</Filter>
		</ClCompile>
		<ClCompile Include="..\..\..\addons\ofxNetwork\src\ofxTCPClient.cpp">
			<Filter>addons\ofxNetwork\src</Filter>
		</ClCompile>
		<ClCompile Include="..\..\..\addons\ofxNetwork\src\ofxTCPServer.cpp">
			<Filter>addons\ofxNetwork\src</Filter>
		</ClCompile>
		<ClCompile Include="..\..\..\addons\ofxOpenCv\src\ofxCvImage.cpp">
			<Filter>addons\ofxOpenCv\src</Filter>
		</ClCompile>
		<ClCompile Include="..\..\..\addons\ofxOpenCv\src\ofxCvFloatImage.cpp">
			<Filter>addons\ofxOpenCv\src</Filter>
		</ClCompile>
		<ClCompile Include="..\..\..\addons\ofxOpenCv\src\ofxCvColorImage.cpp">
			<Filter>addons\ofxOpenCv\src</Filter>
		</ClCompile>
		<ClCompile Include="..\..\..\addons\ofxOpenCv\src\ofxCvGrayscaleImage.cpp">
			<Filter>addons\ofxOpenCv\src</Filter>
		</ClCompile>
		<ClCompile Include="..\..\..\addons\ofxOpenCv\src\ofxCvContourFinder.cpp">
			<Filter>addons\ofxOpenCv\src</Filter>
		</ClCompile>
		<ClCompile Include="..\..\..\addons\ofxOpenCv\src\ofxCvShortImage.cpp">
			<Filter>addons\ofxOpenCv\src</Filter>
		</ClCompile>
		<ClCompile Include="..\..\..\addons\ofxOpenCv\src\ofxCvHaarFinder.cpp">
			<Filter>addons\ofxOpenCv\src</Filter>
		</ClCompile>
		<ClCompile Include="..\..\..\addons\ofxOsc\src\ofxOscBundle.cpp">
			<Filter>addons\ofxOsc\src</Filter>
		</ClCompile>
		<ClCompile Include="..\..\..\addons\ofxOsc\src\ofxOscMessage.cpp">
			<Filter>addons\ofxOsc\src</Filter>
		</ClCompile>
		<ClCompile Include="..\..\..\addons\ofxOsc\src\ofxOscParameterSync.cpp">
			<Filter>addons\ofxOsc\src</Filter>
		</ClCompile>
		<ClCompile Include="..\..\..\addons\ofxOsc\src\ofxOscSender.cpp">
			<Filter>addons\ofxOsc\src</Filter>
		</ClCompile>
		<ClCompile Include="..\..\..\addons\ofxOsc\src\ofxOscReceiver.cpp">
			<Filter>addons\ofxOsc\src</Filter>
		</ClCompile>
		<ClCompile Include="..\..\..\addons\ofxOsc\libs\oscpack\src\osc\OscPrintReceivedElements.cpp">
			<Filter>addons\ofxOsc\libs\oscpack\src\osc</Filter>
		</ClCompile>
		<ClCompile Include="..\..\..\addons\ofxOsc\libs\oscpack\src\osc\OscOutboundPacketStream.cpp">
			<Filter>addons\ofxOsc\libs\oscpack\src\osc</Filter>
		</ClCompile>
		<ClCompile Include="..\..\..\addons\ofxOsc\libs\oscpack\src\osc\OscTypes.cpp">
			<Filter>addons\ofxOsc\libs\oscpack\src\osc</Filter>
		</ClCompile>
		<ClCompile Include="..\..\..\addons\ofxOsc\libs\oscpack\src\osc\OscReceivedElements.cpp">
			<Filter>addons\ofxOsc\libs\oscpack\src\osc</Filter>
		</ClCompile>
		<ClCompile Include="..\..\..\addons\ofxOsc\libs\oscpack\src\ip\win32\NetworkingUtilsWin.cpp">
			<Filter>addons\ofxOsc\libs\oscpack\src\ip\win32</Filter>
		</ClCompile>
		<ClCompile Include="..\..\..\addons\ofxOsc\libs\oscpack\src\ip\win32\UdpSocketWin.cpp">
			<Filter>addons\ofxOsc\libs\oscpack\src\ip\win32</Filter>
		</ClCompile>
		<ClCompile Include="..\..\..\addons\ofxOsc\libs\oscpack\src\ip\IpEndpointName.cpp">
			<Filter>addons\ofxOsc\libs\oscpack\src\ip</Filter>
		</ClCompile>
		<ClCompile Include="..\..\..\addons\ofxOsc\libs\oscpack\src\ip\posix\UdpSocket.cpp">
			<Filter>addons\ofxOsc\libs\oscpack\src\ip\posix</Filter>
		</ClCompile>
		<ClCompile Include="..\..\..\addons\ofxOsc\libs\oscpack\src\ip\posix\NetworkingUtils.cpp">
			<Filter>addons\ofxOsc\libs\oscpack\src\ip\posix</Filter>
		</ClCompile>
		<ClCompile Include="..\..\..\addons\ofxVectorGraphics\src\ofxVectorGraphics.cpp">
			<Filter>addons\ofxVectorGraphics\src</Filter>
		</ClCompile>
		<ClCompile Include="..\..\..\addons\ofxVectorGraphics\libs\CreEPS.cpp">
			<Filter>addons\ofxVectorGraphics\libs</Filter>
		</ClCompile>
		<ClCompile Include="..\..\..\addons\ofxXmlSettings\src\ofxXmlSettings.cpp">
			<Filter>addons\ofxXmlSettings\src</Filter>
		</ClCompile>
		<ClCompile Include="..\..\..\addons\ofxXmlSettings\libs\tinyxmlerror.cpp">
			<Filter>addons\ofxXmlSettings\libs</Filter>
		</ClCompile>
		<ClCompile Include="..\..\..\addons\ofxXmlSettings\libs\tinyxml.cpp">
			<Filter>addons\ofxXmlSettings\libs</Filter>
		</ClCompile>
		<ClCompile Include="..\..\..\addons\ofxXmlSettings\libs\tinyxmlparser.cpp">
			<Filter>addons\ofxXmlSettings\libs</Filter>
		</ClCompile>
		<ClCompile Include="..\..\..\addons\ofxAssimpModelLoader\src\ofxAssimpAnimation.cpp">
			<Filter>addons\ofxAssimpModelLoader\src</Filter>
		</ClCompile>
		<ClCompile Include="..\..\..\addons\ofxAssimpModelLoader\src\ofxAssimpMeshHelper.cpp">
			<Filter>addons\ofxAssimpModelLoader\src</Filter>
		</ClCompile>
		<ClCompile Include="..\..\..\addons\ofxAssimpModelLoader\src\ofxAssimpModelLoader.cpp">
			<Filter>addons\ofxAssimpModelLoader\src</Filter>
		</ClCompile>
		<ClCompile Include="..\..\..\addons\ofxAssimpModelLoader\src\ofxAssimpTexture.cpp">
			<Filter>addons\ofxAssimpModelLoader\src</Filter>
		</ClCompile>
		<ClCompile Include="..\..\..\addons\ofxThreadedImageLoader\src\ofxThreadedImageLoader.cpp">
			<Filter>addons\ofxThreadedImageLoader\src</Filter>
		</ClCompile>
	</ItemGroup>
	<ItemGroup>
		<Filter Include="src">
			<UniqueIdentifier>{d8376475-7454-4a24-b08a-aac121d3ad6f}</UniqueIdentifier>
		</Filter>
		<Filter Include="addons">
			<UniqueIdentifier>{71834F65-F3A9-211E-73B8-DC85}</UniqueIdentifier>
		</Filter>
		<Filter Include="addons\ofx3DModelLoader">
			<UniqueIdentifier>{90FA273A-87C3-2E0D-B66C-C2AD}</UniqueIdentifier>
		</Filter>
		<Filter Include="addons\ofx3DModelLoader\src">
			<UniqueIdentifier>{77E86CDA-1ACF-7498-153C-9736}</UniqueIdentifier>
		</Filter>
		<Filter Include="addons\ofx3DModelLoader\src\3DS">
			<UniqueIdentifier>{34B3E336-F3FA-9140-9697-59C0}</UniqueIdentifier>
		</Filter>
		<Filter Include="addons\ofxNetwork">
			<UniqueIdentifier>{01A15744-29A6-108D-08E9-83A7}</UniqueIdentifier>
		</Filter>
		<Filter Include="addons\ofxNetwork\src">
			<UniqueIdentifier>{3D1C10C7-8F35-E796-9C70-F5F3}</UniqueIdentifier>
		</Filter>
		<Filter Include="addons\ofxOpenCv">
			<UniqueIdentifier>{FFA81411-43B9-BD99-75AF-1DC3}</UniqueIdentifier>
		</Filter>
		<Filter Include="addons\ofxOpenCv\src">
			<UniqueIdentifier>{00DE84A0-C30B-9800-5466-EA40}</UniqueIdentifier>
		</Filter>
		<Filter Include="addons\ofxOpenCv\libs">
			<UniqueIdentifier>{EFE72F22-7F5A-0F39-EC5E-1382}</UniqueIdentifier>
		</Filter>
		<Filter Include="addons\ofxOpenCv\libs\opencv">
			<UniqueIdentifier>{0391AB06-09E3-B0B3-3E3B-A02B}</UniqueIdentifier>
		</Filter>
		<Filter Include="addons\ofxOpenCv\libs\opencv\include">
			<UniqueIdentifier>{18BB18A3-47A8-9F08-1A3F-16FC}</UniqueIdentifier>
		</Filter>
		<Filter Include="addons\ofxOpenCv\libs\opencv\include\opencv">
			<UniqueIdentifier>{C867B0DE-B007-11B8-C182-5344}</UniqueIdentifier>
		</Filter>
		<Filter Include="addons\ofxOpenCv\libs\opencv\include\opencv2">
			<UniqueIdentifier>{BCD8ABD4-43E3-302D-A2D3-9FE1}</UniqueIdentifier>
		</Filter>
		<Filter Include="addons\ofxOpenCv\libs\opencv\include\opencv2\legacy">
			<UniqueIdentifier>{4588FFD4-3240-6021-CF1C-66D1}</UniqueIdentifier>
		</Filter>
		<Filter Include="addons\ofxOpenCv\libs\opencv\include\opencv2\imgproc">
			<UniqueIdentifier>{E61CD652-51B9-BCE9-A2EB-3331}</UniqueIdentifier>
		</Filter>
		<Filter Include="addons\ofxOpenCv\libs\opencv\include\opencv2\highgui">
			<UniqueIdentifier>{C5146E31-2B8E-4299-4FB2-2347}</UniqueIdentifier>
		</Filter>
		<Filter Include="addons\ofxOpenCv\libs\opencv\include\opencv2\calib3d">
			<UniqueIdentifier>{E7CFFFA1-9DFA-D919-100C-FDAA}</UniqueIdentifier>
		</Filter>
		<Filter Include="addons\ofxOpenCv\libs\opencv\include\opencv2\features2d">
			<UniqueIdentifier>{FFED61A2-DA84-E61F-DAA8-23D8}</UniqueIdentifier>
		</Filter>
		<Filter Include="addons\ofxOpenCv\libs\opencv\include\opencv2\ts">
			<UniqueIdentifier>{AA1539ED-A548-EDA6-1094-37FD}</UniqueIdentifier>
		</Filter>
		<Filter Include="addons\ofxOpenCv\libs\opencv\include\opencv2\flann">
			<UniqueIdentifier>{35E18472-D925-59BD-12EF-E1E6}</UniqueIdentifier>
		</Filter>
		<Filter Include="addons\ofxOpenCv\libs\opencv\include\opencv2\gpu">
			<UniqueIdentifier>{82D85C2C-89A0-69CF-61C4-9983}</UniqueIdentifier>
		</Filter>
		<Filter Include="addons\ofxOpenCv\libs\opencv\include\opencv2\contrib">
			<UniqueIdentifier>{776C25CB-CD33-75A7-DF99-B8C6}</UniqueIdentifier>
		</Filter>
		<Filter Include="addons\ofxOpenCv\libs\opencv\include\opencv2\core">
			<UniqueIdentifier>{2ABB36D0-FBE0-DD47-75A8-5882}</UniqueIdentifier>
		</Filter>
		<Filter Include="addons\ofxOpenCv\libs\opencv\include\opencv2\video">
			<UniqueIdentifier>{61E04F54-C77F-B674-C2AB-FEC2}</UniqueIdentifier>
		</Filter>
		<Filter Include="addons\ofxOpenCv\libs\opencv\include\opencv2\ml">
			<UniqueIdentifier>{C217A119-B337-C774-4EDA-1ACC}</UniqueIdentifier>
		</Filter>
		<Filter Include="addons\ofxOpenCv\libs\opencv\include\opencv2\objdetect">
			<UniqueIdentifier>{D1260DF5-DCB4-6729-CD66-ED90}</UniqueIdentifier>
		</Filter>
		<Filter Include="addons\ofxOsc">
			<UniqueIdentifier>{D91DCA33-6E5D-4481-2AEC-9FBB}</UniqueIdentifier>
		</Filter>
		<Filter Include="addons\ofxOsc\src">
			<UniqueIdentifier>{B9DD339A-D93D-92A1-0A2F-4B41}</UniqueIdentifier>
		</Filter>
		<Filter Include="addons\ofxOsc\libs">
			<UniqueIdentifier>{99ECA1D9-873F-4622-8FC0-FC7B}</UniqueIdentifier>
		</Filter>
		<Filter Include="addons\ofxOsc\libs\oscpack">
			<UniqueIdentifier>{D3A98534-1602-4FEF-57A6-6593}</UniqueIdentifier>
		</Filter>
		<Filter Include="addons\ofxOsc\libs\oscpack\src">
			<UniqueIdentifier>{BFB5BB47-98C8-BBCB-3066-1046}</UniqueIdentifier>
		</Filter>
		<Filter Include="addons\ofxOsc\libs\oscpack\src\osc">
			<UniqueIdentifier>{EDACB89C-9768-9551-4D41-B590}</UniqueIdentifier>
		</Filter>
		<Filter Include="addons\ofxOsc\libs\oscpack\src\ip">
			<UniqueIdentifier>{5A029128-EB41-95C5-CBC0-CDED}</UniqueIdentifier>
		</Filter>
		<Filter Include="addons\ofxOsc\libs\oscpack\src\ip\win32">
			<UniqueIdentifier>{79DFDFE2-400B-8654-3675-01A3}</UniqueIdentifier>
		</Filter>
		<Filter Include="addons\ofxOsc\libs\oscpack\src\ip\posix">
			<UniqueIdentifier>{354C95CF-A234-0360-C6BC-AF41}</UniqueIdentifier>
		</Filter>
		<Filter Include="addons\ofxVectorGraphics">
			<UniqueIdentifier>{5A7F3658-B06B-DB97-F4E1-DD19}</UniqueIdentifier>
		</Filter>
		<Filter Include="addons\ofxVectorGraphics\src">
			<UniqueIdentifier>{F615F000-D48C-B1D6-F1C2-6EDD}</UniqueIdentifier>
		</Filter>
		<Filter Include="addons\ofxVectorGraphics\libs">
			<UniqueIdentifier>{B341F552-35C4-7EB6-B3C9-9D96}</UniqueIdentifier>
		</Filter>
		<Filter Include="addons\ofxXmlSettings">
			<UniqueIdentifier>{877F005D-13E6-0592-1D97-F2E3}</UniqueIdentifier>
		</Filter>
		<Filter Include="addons\ofxXmlSettings\src">
			<UniqueIdentifier>{CCB2AC63-49D2-977C-CFE8-AEAD}</UniqueIdentifier>
		</Filter>
		<Filter Include="addons\ofxXmlSettings\libs">
			<UniqueIdentifier>{687714A8-1662-FA1C-261F-50F0}</UniqueIdentifier>
		</Filter>
		<Filter Include="addons\ofxAssimpModelLoader">
			<UniqueIdentifier>{DE65D9F7-840A-CD0A-A555-EA3B}</UniqueIdentifier>
		</Filter>
		<Filter Include="addons\ofxAssimpModelLoader\src">
			<UniqueIdentifier>{B84008DC-4B5E-271B-05DA-D8C8}</UniqueIdentifier>
		</Filter>
		<Filter Include="addons\ofxAssimpModelLoader\libs">
			<UniqueIdentifier>{3D854F79-FA4A-75FA-FC0A-2B25}</UniqueIdentifier>
		</Filter>
		<Filter Include="addons\ofxAssimpModelLoader\libs\assimp">
			<UniqueIdentifier>{FE8B5295-D3A7-B9CD-89C9-2613}</UniqueIdentifier>
		</Filter>
		<Filter Include="addons\ofxAssimpModelLoader\libs\assimp\include">
			<UniqueIdentifier>{EDC34C4F-5D44-FB76-337E-EE48}</UniqueIdentifier>
		</Filter>
		<Filter Include="addons\ofxAssimpModelLoader\libs\assimp\include\Compiler">
			<UniqueIdentifier>{E4500551-64E5-7412-70FA-BC1B}</UniqueIdentifier>
		</Filter>
		<Filter Include="addons\ofxThreadedImageLoader">
			<UniqueIdentifier>{4FCFBE74-4716-4092-C67F-91AE}</UniqueIdentifier>
		</Filter>
		<Filter Include="addons\ofxThreadedImageLoader\src">
			<UniqueIdentifier>{96E590A4-6AB6-FE3D-02EC-8D08}</UniqueIdentifier>
		</Filter>
	</ItemGroup>
	<ItemGroup>
		<ClInclude Include="src\ofApp.h">
			<Filter>src</Filter>
		</ClInclude>
		<ClInclude Include="..\..\..\addons\ofx3DModelLoader\src\3DS\Vector3DS.h">
			<Filter>addons\ofx3DModelLoader\src\3DS</Filter>
		</ClInclude>
		<ClInclude Include="..\..\..\addons\ofx3DModelLoader\src\3DS\model3DS.h">
			<Filter>addons\ofx3DModelLoader\src\3DS</Filter>
		</ClInclude>
		<ClInclude Include="..\..\..\addons\ofx3DModelLoader\src\3DS\texture3DS.h">
			<Filter>addons\ofx3DModelLoader\src\3DS</Filter>
		</ClInclude>
		<ClInclude Include="..\..\..\addons\ofx3DModelLoader\src\ofx3DModelLoader.h">
			<Filter>addons\ofx3DModelLoader\src</Filter>
		</ClInclude>
		<ClInclude Include="..\..\..\addons\ofx3DModelLoader\src\ofx3DBaseLoader.h">
			<Filter>addons\ofx3DModelLoader\src</Filter>
		</ClInclude>
		<ClInclude Include="..\..\..\addons\ofxNetwork\src\ofxTCPManager.h">
			<Filter>addons\ofxNetwork\src</Filter>
		</ClInclude>
		<ClInclude Include="..\..\..\addons\ofxNetwork\src\ofxTCPClient.h">
			<Filter>addons\ofxNetwork\src</Filter>
		</ClInclude>
		<ClInclude Include="..\..\..\addons\ofxNetwork\src\ofxUDPManager.h">
			<Filter>addons\ofxNetwork\src</Filter>
		</ClInclude>
		<ClInclude Include="..\..\..\addons\ofxNetwork\src\ofxNetwork.h">
			<Filter>addons\ofxNetwork\src</Filter>
		</ClInclude>
		<ClInclude Include="..\..\..\addons\ofxNetwork\src\ofxTCPServer.h">
			<Filter>addons\ofxNetwork\src</Filter>
		</ClInclude>
		<ClInclude Include="..\..\..\addons\ofxNetwork\src\ofxNetworkUtils.h">
			<Filter>addons\ofxNetwork\src</Filter>
		</ClInclude>
		<ClInclude Include="..\..\..\addons\ofxOpenCv\src\ofxCvImage.h">
			<Filter>addons\ofxOpenCv\src</Filter>
		</ClInclude>
		<ClInclude Include="..\..\..\addons\ofxOpenCv\src\ofxCvConstants.h">
			<Filter>addons\ofxOpenCv\src</Filter>
		</ClInclude>
		<ClInclude Include="..\..\..\addons\ofxOpenCv\src\ofxCvShortImage.h">
			<Filter>addons\ofxOpenCv\src</Filter>
		</ClInclude>
		<ClInclude Include="..\..\..\addons\ofxOpenCv\src\ofxCvFloatImage.h">
			<Filter>addons\ofxOpenCv\src</Filter>
		</ClInclude>
		<ClInclude Include="..\..\..\addons\ofxOpenCv\src\ofxCvHaarFinder.h">
			<Filter>addons\ofxOpenCv\src</Filter>
		</ClInclude>
		<ClInclude Include="..\..\..\addons\ofxOpenCv\src\ofxCvContourFinder.h">
			<Filter>addons\ofxOpenCv\src</Filter>
		</ClInclude>
		<ClInclude Include="..\..\..\addons\ofxOpenCv\src\ofxCvColorImage.h">
			<Filter>addons\ofxOpenCv\src</Filter>
		</ClInclude>
		<ClInclude Include="..\..\..\addons\ofxOpenCv\src\ofxCvBlob.h">
			<Filter>addons\ofxOpenCv\src</Filter>
		</ClInclude>
		<ClInclude Include="..\..\..\addons\ofxOpenCv\src\ofxOpenCv.h">
			<Filter>addons\ofxOpenCv\src</Filter>
		</ClInclude>
		<ClInclude Include="..\..\..\addons\ofxOpenCv\src\ofxCvGrayscaleImage.h">
			<Filter>addons\ofxOpenCv\src</Filter>
		</ClInclude>
		<ClInclude Include="..\..\..\addons\ofxOpenCv\libs\opencv\include\opencv\cv.hpp">
			<Filter>addons\ofxOpenCv\libs\opencv\include\opencv</Filter>
		</ClInclude>
		<ClInclude Include="..\..\..\addons\ofxOpenCv\libs\opencv\include\opencv\cxmisc.h">
			<Filter>addons\ofxOpenCv\libs\opencv\include\opencv</Filter>
		</ClInclude>
		<ClInclude Include="..\..\..\addons\ofxOpenCv\libs\opencv\include\opencv\cxcore.h">
			<Filter>addons\ofxOpenCv\libs\opencv\include\opencv</Filter>
		</ClInclude>
		<ClInclude Include="..\..\..\addons\ofxOpenCv\libs\opencv\include\opencv\cvaux.h">
			<Filter>addons\ofxOpenCv\libs\opencv\include\opencv</Filter>
		</ClInclude>
		<ClInclude Include="..\..\..\addons\ofxOpenCv\libs\opencv\include\opencv\cxeigen.hpp">
			<Filter>addons\ofxOpenCv\libs\opencv\include\opencv</Filter>
		</ClInclude>
		<ClInclude Include="..\..\..\addons\ofxOpenCv\libs\opencv\include\opencv\cvaux.hpp">
			<Filter>addons\ofxOpenCv\libs\opencv\include\opencv</Filter>
		</ClInclude>
		<ClInclude Include="..\..\..\addons\ofxOpenCv\libs\opencv\include\opencv\highgui.h">
			<Filter>addons\ofxOpenCv\libs\opencv\include\opencv</Filter>
		</ClInclude>
		<ClInclude Include="..\..\..\addons\ofxOpenCv\libs\opencv\include\opencv\cvwimage.h">
			<Filter>addons\ofxOpenCv\libs\opencv\include\opencv</Filter>
		</ClInclude>
		<ClInclude Include="..\..\..\addons\ofxOpenCv\libs\opencv\include\opencv\cv.h">
			<Filter>addons\ofxOpenCv\libs\opencv\include\opencv</Filter>
		</ClInclude>
		<ClInclude Include="..\..\..\addons\ofxOpenCv\libs\opencv\include\opencv\cxcore.hpp">
			<Filter>addons\ofxOpenCv\libs\opencv\include\opencv</Filter>
		</ClInclude>
		<ClInclude Include="..\..\..\addons\ofxOpenCv\libs\opencv\include\opencv\ml.h">
			<Filter>addons\ofxOpenCv\libs\opencv\include\opencv</Filter>
		</ClInclude>
		<ClInclude Include="..\..\..\addons\ofxOpenCv\libs\opencv\include\opencv2\legacy\streams.hpp">
			<Filter>addons\ofxOpenCv\libs\opencv\include\opencv2\legacy</Filter>
		</ClInclude>
		<ClInclude Include="..\..\..\addons\ofxOpenCv\libs\opencv\include\opencv2\legacy\compat.hpp">
			<Filter>addons\ofxOpenCv\libs\opencv\include\opencv2\legacy</Filter>
		</ClInclude>
		<ClInclude Include="..\..\..\addons\ofxOpenCv\libs\opencv\include\opencv2\legacy\blobtrack.hpp">
			<Filter>addons\ofxOpenCv\libs\opencv\include\opencv2\legacy</Filter>
		</ClInclude>
		<ClInclude Include="..\..\..\addons\ofxOpenCv\libs\opencv\include\opencv2\legacy\legacy.hpp">
			<Filter>addons\ofxOpenCv\libs\opencv\include\opencv2\legacy</Filter>
		</ClInclude>
		<ClInclude Include="..\..\..\addons\ofxOpenCv\libs\opencv\include\opencv2\imgproc\imgproc.hpp">
			<Filter>addons\ofxOpenCv\libs\opencv\include\opencv2\imgproc</Filter>
		</ClInclude>
		<ClInclude Include="..\..\..\addons\ofxOpenCv\libs\opencv\include\opencv2\imgproc\imgproc_c.h">
			<Filter>addons\ofxOpenCv\libs\opencv\include\opencv2\imgproc</Filter>
		</ClInclude>
		<ClInclude Include="..\..\..\addons\ofxOpenCv\libs\opencv\include\opencv2\imgproc\types_c.h">
			<Filter>addons\ofxOpenCv\libs\opencv\include\opencv2\imgproc</Filter>
		</ClInclude>
		<ClInclude Include="..\..\..\addons\ofxOpenCv\libs\opencv\include\opencv2\highgui\highgui_c.h">
			<Filter>addons\ofxOpenCv\libs\opencv\include\opencv2\highgui</Filter>
		</ClInclude>
		<ClInclude Include="..\..\..\addons\ofxOpenCv\libs\opencv\include\opencv2\highgui\highgui.hpp">
			<Filter>addons\ofxOpenCv\libs\opencv\include\opencv2\highgui</Filter>
		</ClInclude>
		<ClInclude Include="..\..\..\addons\ofxOpenCv\libs\opencv\include\opencv2\calib3d\calib3d.hpp">
			<Filter>addons\ofxOpenCv\libs\opencv\include\opencv2\calib3d</Filter>
		</ClInclude>
		<ClInclude Include="..\..\..\addons\ofxOpenCv\libs\opencv\include\opencv2\features2d\features2d.hpp">
			<Filter>addons\ofxOpenCv\libs\opencv\include\opencv2\features2d</Filter>
		</ClInclude>
		<ClInclude Include="..\..\..\addons\ofxOpenCv\libs\opencv\include\opencv2\ts\ts_gtest.h">
			<Filter>addons\ofxOpenCv\libs\opencv\include\opencv2\ts</Filter>
		</ClInclude>
		<ClInclude Include="..\..\..\addons\ofxOpenCv\libs\opencv\include\opencv2\ts\ts.hpp">
			<Filter>addons\ofxOpenCv\libs\opencv\include\opencv2\ts</Filter>
		</ClInclude>
		<ClInclude Include="..\..\..\addons\ofxOpenCv\libs\opencv\include\opencv2\flann\hdf5.h">
			<Filter>addons\ofxOpenCv\libs\opencv\include\opencv2\flann</Filter>
		</ClInclude>
		<ClInclude Include="..\..\..\addons\ofxOpenCv\libs\opencv\include\opencv2\flann\any.h">
			<Filter>addons\ofxOpenCv\libs\opencv\include\opencv2\flann</Filter>
		</ClInclude>
		<ClInclude Include="..\..\..\addons\ofxOpenCv\libs\opencv\include\opencv2\flann\heap.h">
			<Filter>addons\ofxOpenCv\libs\opencv\include\opencv2\flann</Filter>
		</ClInclude>
		<ClInclude Include="..\..\..\addons\ofxOpenCv\libs\opencv\include\opencv2\flann\flann_base.hpp">
			<Filter>addons\ofxOpenCv\libs\opencv\include\opencv2\flann</Filter>
		</ClInclude>
		<ClInclude Include="..\..\..\addons\ofxOpenCv\libs\opencv\include\opencv2\flann\index_testing.h">
			<Filter>addons\ofxOpenCv\libs\opencv\include\opencv2\flann</Filter>
		</ClInclude>
		<ClInclude Include="..\..\..\addons\ofxOpenCv\libs\opencv\include\opencv2\flann\kdtree_index.h">
			<Filter>addons\ofxOpenCv\libs\opencv\include\opencv2\flann</Filter>
		</ClInclude>
		<ClInclude Include="..\..\..\addons\ofxOpenCv\libs\opencv\include\opencv2\flann\kdtree_single_index.h">
			<Filter>addons\ofxOpenCv\libs\opencv\include\opencv2\flann</Filter>
		</ClInclude>
		<ClInclude Include="..\..\..\addons\ofxOpenCv\libs\opencv\include\opencv2\flann\linear_index.h">
			<Filter>addons\ofxOpenCv\libs\opencv\include\opencv2\flann</Filter>
		</ClInclude>
		<ClInclude Include="..\..\..\addons\ofxOpenCv\libs\opencv\include\opencv2\flann\ground_truth.h">
			<Filter>addons\ofxOpenCv\libs\opencv\include\opencv2\flann</Filter>
		</ClInclude>
		<ClInclude Include="..\..\..\addons\ofxOpenCv\libs\opencv\include\opencv2\flann\lsh_index.h">
			<Filter>addons\ofxOpenCv\libs\opencv\include\opencv2\flann</Filter>
		</ClInclude>
		<ClInclude Include="..\..\..\addons\ofxOpenCv\libs\opencv\include\opencv2\flann\matrix.h">
			<Filter>addons\ofxOpenCv\libs\opencv\include\opencv2\flann</Filter>
		</ClInclude>
		<ClInclude Include="..\..\..\addons\ofxOpenCv\libs\opencv\include\opencv2\flann\flann.hpp">
			<Filter>addons\ofxOpenCv\libs\opencv\include\opencv2\flann</Filter>
		</ClInclude>
		<ClInclude Include="..\..\..\addons\ofxOpenCv\libs\opencv\include\opencv2\flann\object_factory.h">
			<Filter>addons\ofxOpenCv\libs\opencv\include\opencv2\flann</Filter>
		</ClInclude>
		<ClInclude Include="..\..\..\addons\ofxOpenCv\libs\opencv\include\opencv2\flann\simplex_downhill.h">
			<Filter>addons\ofxOpenCv\libs\opencv\include\opencv2\flann</Filter>
		</ClInclude>
		<ClInclude Include="..\..\..\addons\ofxOpenCv\libs\opencv\include\opencv2\flann\composite_index.h">
			<Filter>addons\ofxOpenCv\libs\opencv\include\opencv2\flann</Filter>
		</ClInclude>
		<ClInclude Include="..\..\..\addons\ofxOpenCv\libs\opencv\include\opencv2\flann\random.h">
			<Filter>addons\ofxOpenCv\libs\opencv\include\opencv2\flann</Filter>
		</ClInclude>
		<ClInclude Include="..\..\..\addons\ofxOpenCv\libs\opencv\include\opencv2\flann\nn_index.h">
			<Filter>addons\ofxOpenCv\libs\opencv\include\opencv2\flann</Filter>
		</ClInclude>
		<ClInclude Include="..\..\..\addons\ofxOpenCv\libs\opencv\include\opencv2\flann\timer.h">
			<Filter>addons\ofxOpenCv\libs\opencv\include\opencv2\flann</Filter>
		</ClInclude>
		<ClInclude Include="..\..\..\addons\ofxOpenCv\libs\opencv\include\opencv2\flann\result_set.h">
			<Filter>addons\ofxOpenCv\libs\opencv\include\opencv2\flann</Filter>
		</ClInclude>
		<ClInclude Include="..\..\..\addons\ofxOpenCv\libs\opencv\include\opencv2\flann\hierarchical_clustering_index.h">
			<Filter>addons\ofxOpenCv\libs\opencv\include\opencv2\flann</Filter>
		</ClInclude>
		<ClInclude Include="..\..\..\addons\ofxOpenCv\libs\opencv\include\opencv2\flann\config.h">
			<Filter>addons\ofxOpenCv\libs\opencv\include\opencv2\flann</Filter>
		</ClInclude>
		<ClInclude Include="..\..\..\addons\ofxOpenCv\libs\opencv\include\opencv2\flann\defines.h">
			<Filter>addons\ofxOpenCv\libs\opencv\include\opencv2\flann</Filter>
		</ClInclude>
		<ClInclude Include="..\..\..\addons\ofxOpenCv\libs\opencv\include\opencv2\flann\kmeans_index.h">
			<Filter>addons\ofxOpenCv\libs\opencv\include\opencv2\flann</Filter>
		</ClInclude>
		<ClInclude Include="..\..\..\addons\ofxOpenCv\libs\opencv\include\opencv2\flann\sampling.h">
			<Filter>addons\ofxOpenCv\libs\opencv\include\opencv2\flann</Filter>
		</ClInclude>
		<ClInclude Include="..\..\..\addons\ofxOpenCv\libs\opencv\include\opencv2\flann\saving.h">
			<Filter>addons\ofxOpenCv\libs\opencv\include\opencv2\flann</Filter>
		</ClInclude>
		<ClInclude Include="..\..\..\addons\ofxOpenCv\libs\opencv\include\opencv2\flann\dummy.h">
			<Filter>addons\ofxOpenCv\libs\opencv\include\opencv2\flann</Filter>
		</ClInclude>
		<ClInclude Include="..\..\..\addons\ofxOpenCv\libs\opencv\include\opencv2\flann\logger.h">
			<Filter>addons\ofxOpenCv\libs\opencv\include\opencv2\flann</Filter>
		</ClInclude>
		<ClInclude Include="..\..\..\addons\ofxOpenCv\libs\opencv\include\opencv2\flann\params.h">
			<Filter>addons\ofxOpenCv\libs\opencv\include\opencv2\flann</Filter>
		</ClInclude>
		<ClInclude Include="..\..\..\addons\ofxOpenCv\libs\opencv\include\opencv2\flann\all_indices.h">
			<Filter>addons\ofxOpenCv\libs\opencv\include\opencv2\flann</Filter>
		</ClInclude>
		<ClInclude Include="..\..\..\addons\ofxOpenCv\libs\opencv\include\opencv2\flann\dynamic_bitset.h">
			<Filter>addons\ofxOpenCv\libs\opencv\include\opencv2\flann</Filter>
		</ClInclude>
		<ClInclude Include="..\..\..\addons\ofxOpenCv\libs\opencv\include\opencv2\flann\lsh_table.h">
			<Filter>addons\ofxOpenCv\libs\opencv\include\opencv2\flann</Filter>
		</ClInclude>
		<ClInclude Include="..\..\..\addons\ofxOpenCv\libs\opencv\include\opencv2\flann\autotuned_index.h">
			<Filter>addons\ofxOpenCv\libs\opencv\include\opencv2\flann</Filter>
		</ClInclude>
		<ClInclude Include="..\..\..\addons\ofxOpenCv\libs\opencv\include\opencv2\flann\general.h">
			<Filter>addons\ofxOpenCv\libs\opencv\include\opencv2\flann</Filter>
		</ClInclude>
		<ClInclude Include="..\..\..\addons\ofxOpenCv\libs\opencv\include\opencv2\flann\miniflann.hpp">
			<Filter>addons\ofxOpenCv\libs\opencv\include\opencv2\flann</Filter>
		</ClInclude>
		<ClInclude Include="..\..\..\addons\ofxOpenCv\libs\opencv\include\opencv2\flann\allocator.h">
			<Filter>addons\ofxOpenCv\libs\opencv\include\opencv2\flann</Filter>
		</ClInclude>
		<ClInclude Include="..\..\..\addons\ofxOpenCv\libs\opencv\include\opencv2\flann\dist.h">
			<Filter>addons\ofxOpenCv\libs\opencv\include\opencv2\flann</Filter>
		</ClInclude>
		<ClInclude Include="..\..\..\addons\ofxOpenCv\libs\opencv\include\opencv2\gpu\devmem2d.hpp">
			<Filter>addons\ofxOpenCv\libs\opencv\include\opencv2\gpu</Filter>
		</ClInclude>
		<ClInclude Include="..\..\..\addons\ofxOpenCv\libs\opencv\include\opencv2\gpu\gpumat.hpp">
			<Filter>addons\ofxOpenCv\libs\opencv\include\opencv2\gpu</Filter>
		</ClInclude>
		<ClInclude Include="..\..\..\addons\ofxOpenCv\libs\opencv\include\opencv2\gpu\gpu.hpp">
			<Filter>addons\ofxOpenCv\libs\opencv\include\opencv2\gpu</Filter>
		</ClInclude>
		<ClInclude Include="..\..\..\addons\ofxOpenCv\libs\opencv\include\opencv2\gpu\stream_accessor.hpp">
			<Filter>addons\ofxOpenCv\libs\opencv\include\opencv2\gpu</Filter>
		</ClInclude>
		<ClInclude Include="..\..\..\addons\ofxOpenCv\libs\opencv\include\opencv2\gpu\matrix_operations.hpp">
			<Filter>addons\ofxOpenCv\libs\opencv\include\opencv2\gpu</Filter>
		</ClInclude>
		<ClInclude Include="..\..\..\addons\ofxOpenCv\libs\opencv\include\opencv2\contrib\contrib.hpp">
			<Filter>addons\ofxOpenCv\libs\opencv\include\opencv2\contrib</Filter>
		</ClInclude>
		<ClInclude Include="..\..\..\addons\ofxOpenCv\libs\opencv\include\opencv2\contrib\retina.hpp">
			<Filter>addons\ofxOpenCv\libs\opencv\include\opencv2\contrib</Filter>
		</ClInclude>
		<ClInclude Include="..\..\..\addons\ofxOpenCv\libs\opencv\include\opencv2\core\version.hpp">
			<Filter>addons\ofxOpenCv\libs\opencv\include\opencv2\core</Filter>
		</ClInclude>
		<ClInclude Include="..\..\..\addons\ofxOpenCv\libs\opencv\include\opencv2\core\internal.hpp">
			<Filter>addons\ofxOpenCv\libs\opencv\include\opencv2\core</Filter>
		</ClInclude>
		<ClInclude Include="..\..\..\addons\ofxOpenCv\libs\opencv\include\opencv2\core\wimage.hpp">
			<Filter>addons\ofxOpenCv\libs\opencv\include\opencv2\core</Filter>
		</ClInclude>
		<ClInclude Include="..\..\..\addons\ofxOpenCv\libs\opencv\include\opencv2\core\core_c.h">
			<Filter>addons\ofxOpenCv\libs\opencv\include\opencv2\core</Filter>
		</ClInclude>
		<ClInclude Include="..\..\..\addons\ofxOpenCv\libs\opencv\include\opencv2\core\eigen.hpp">
			<Filter>addons\ofxOpenCv\libs\opencv\include\opencv2\core</Filter>
		</ClInclude>
		<ClInclude Include="..\..\..\addons\ofxOpenCv\libs\opencv\include\opencv2\core\mat.hpp">
			<Filter>addons\ofxOpenCv\libs\opencv\include\opencv2\core</Filter>
		</ClInclude>
		<ClInclude Include="..\..\..\addons\ofxOpenCv\libs\opencv\include\opencv2\core\operations.hpp">
			<Filter>addons\ofxOpenCv\libs\opencv\include\opencv2\core</Filter>
		</ClInclude>
		<ClInclude Include="..\..\..\addons\ofxOpenCv\libs\opencv\include\opencv2\core\core.hpp">
			<Filter>addons\ofxOpenCv\libs\opencv\include\opencv2\core</Filter>
		</ClInclude>
		<ClInclude Include="..\..\..\addons\ofxOpenCv\libs\opencv\include\opencv2\core\types_c.h">
			<Filter>addons\ofxOpenCv\libs\opencv\include\opencv2\core</Filter>
		</ClInclude>
		<ClInclude Include="..\..\..\addons\ofxOpenCv\libs\opencv\include\opencv2\video\background_segm.hpp">
			<Filter>addons\ofxOpenCv\libs\opencv\include\opencv2\video</Filter>
		</ClInclude>
		<ClInclude Include="..\..\..\addons\ofxOpenCv\libs\opencv\include\opencv2\video\video.hpp">
			<Filter>addons\ofxOpenCv\libs\opencv\include\opencv2\video</Filter>
		</ClInclude>
		<ClInclude Include="..\..\..\addons\ofxOpenCv\libs\opencv\include\opencv2\video\tracking.hpp">
			<Filter>addons\ofxOpenCv\libs\opencv\include\opencv2\video</Filter>
		</ClInclude>
		<ClInclude Include="..\..\..\addons\ofxOpenCv\libs\opencv\include\opencv2\opencv.hpp">
			<Filter>addons\ofxOpenCv\libs\opencv\include\opencv2</Filter>
		</ClInclude>
		<ClInclude Include="..\..\..\addons\ofxOpenCv\libs\opencv\include\opencv2\ml\ml.hpp">
			<Filter>addons\ofxOpenCv\libs\opencv\include\opencv2\ml</Filter>
		</ClInclude>
		<ClInclude Include="..\..\..\addons\ofxOpenCv\libs\opencv\include\opencv2\objdetect\objdetect.hpp">
			<Filter>addons\ofxOpenCv\libs\opencv\include\opencv2\objdetect</Filter>
		</ClInclude>
		<ClInclude Include="..\..\..\addons\ofxOsc\src\ofxOscMessage.h">
			<Filter>addons\ofxOsc\src</Filter>
		</ClInclude>
		<ClInclude Include="..\..\..\addons\ofxOsc\src\ofxOscParameterSync.h">
			<Filter>addons\ofxOsc\src</Filter>
		</ClInclude>
		<ClInclude Include="..\..\..\addons\ofxOsc\src\ofxOscSender.h">
			<Filter>addons\ofxOsc\src</Filter>
		</ClInclude>
		<ClInclude Include="..\..\..\addons\ofxOsc\src\ofxOscArg.h">
			<Filter>addons\ofxOsc\src</Filter>
		</ClInclude>
		<ClInclude Include="..\..\..\addons\ofxOsc\src\ofxOscReceiver.h">
			<Filter>addons\ofxOsc\src</Filter>
		</ClInclude>
		<ClInclude Include="..\..\..\addons\ofxOsc\src\ofxOsc.h">
			<Filter>addons\ofxOsc\src</Filter>
		</ClInclude>
		<ClInclude Include="..\..\..\addons\ofxOsc\src\ofxOscBundle.h">
			<Filter>addons\ofxOsc\src</Filter>
		</ClInclude>
		<ClInclude Include="..\..\..\addons\ofxOsc\libs\oscpack\src\osc\OscTypes.h">
			<Filter>addons\ofxOsc\libs\oscpack\src\osc</Filter>
		</ClInclude>
		<ClInclude Include="..\..\..\addons\ofxOsc\libs\oscpack\src\osc\OscOutboundPacketStream.h">
			<Filter>addons\ofxOsc\libs\oscpack\src\osc</Filter>
		</ClInclude>
		<ClInclude Include="..\..\..\addons\ofxOsc\libs\oscpack\src\osc\MessageMappingOscPacketListener.h">
			<Filter>addons\ofxOsc\libs\oscpack\src\osc</Filter>
		</ClInclude>
		<ClInclude Include="..\..\..\addons\ofxOsc\libs\oscpack\src\osc\OscException.h">
			<Filter>addons\ofxOsc\libs\oscpack\src\osc</Filter>
		</ClInclude>
		<ClInclude Include="..\..\..\addons\ofxOsc\libs\oscpack\src\osc\OscPacketListener.h">
			<Filter>addons\ofxOsc\libs\oscpack\src\osc</Filter>
		</ClInclude>
		<ClInclude Include="..\..\..\addons\ofxOsc\libs\oscpack\src\osc\OscReceivedElements.h">
			<Filter>addons\ofxOsc\libs\oscpack\src\osc</Filter>
		</ClInclude>
		<ClInclude Include="..\..\..\addons\ofxOsc\libs\oscpack\src\osc\OscPrintReceivedElements.h">
			<Filter>addons\ofxOsc\libs\oscpack\src\osc</Filter>
		</ClInclude>
		<ClInclude Include="..\..\..\addons\ofxOsc\libs\oscpack\src\osc\OscHostEndianness.h">
			<Filter>addons\ofxOsc\libs\oscpack\src\osc</Filter>
		</ClInclude>
		<ClInclude Include="..\..\..\addons\ofxOsc\libs\oscpack\src\ip\PacketListener.h">
			<Filter>addons\ofxOsc\libs\oscpack\src\ip</Filter>
		</ClInclude>
		<ClInclude Include="..\..\..\addons\ofxOsc\libs\oscpack\src\ip\IpEndpointName.h">
			<Filter>addons\ofxOsc\libs\oscpack\src\ip</Filter>
		</ClInclude>
		<ClInclude Include="..\..\..\addons\ofxOsc\libs\oscpack\src\ip\NetworkingUtils.h">
			<Filter>addons\ofxOsc\libs\oscpack\src\ip</Filter>
		</ClInclude>
		<ClInclude Include="..\..\..\addons\ofxOsc\libs\oscpack\src\ip\TimerListener.h">
			<Filter>addons\ofxOsc\libs\oscpack\src\ip</Filter>
		</ClInclude>
		<ClInclude Include="..\..\..\addons\ofxOsc\libs\oscpack\src\ip\UdpSocket.h">
			<Filter>addons\ofxOsc\libs\oscpack\src\ip</Filter>
		</ClInclude>
		<ClInclude Include="..\..\..\addons\ofxVectorGraphics\src\ofxVectorGraphics.h">
			<Filter>addons\ofxVectorGraphics\src</Filter>
		</ClInclude>
		<ClInclude Include="..\..\..\addons\ofxVectorGraphics\libs\CreEPS.hpp">
			<Filter>addons\ofxVectorGraphics\libs</Filter>
		</ClInclude>
		<ClInclude Include="..\..\..\addons\ofxVectorGraphics\libs\CreEPS_Types.hpp">
			<Filter>addons\ofxVectorGraphics\libs</Filter>
		</ClInclude>
		<ClInclude Include="..\..\..\addons\ofxXmlSettings\src\ofxXmlSettings.h">
			<Filter>addons\ofxXmlSettings\src</Filter>
		</ClInclude>
		<ClInclude Include="..\..\..\addons\ofxXmlSettings\libs\tinyxml.h">
			<Filter>addons\ofxXmlSettings\libs</Filter>
		</ClInclude>
		<ClInclude Include="..\..\..\addons\ofxAssimpModelLoader\src\ofxAssimpMeshHelper.h">
			<Filter>addons\ofxAssimpModelLoader\src</Filter>
		</ClInclude>
		<ClInclude Include="..\..\..\addons\ofxAssimpModelLoader\src\ofxAssimpModelLoader.h">
			<Filter>addons\ofxAssimpModelLoader\src</Filter>
		</ClInclude>
		<ClInclude Include="..\..\..\addons\ofxAssimpModelLoader\src\ofxAssimpAnimation.h">
			<Filter>addons\ofxAssimpModelLoader\src</Filter>
		</ClInclude>
		<ClInclude Include="..\..\..\addons\ofxAssimpModelLoader\src\ofxAssimpUtils.h">
			<Filter>addons\ofxAssimpModelLoader\src</Filter>
		</ClInclude>
		<ClInclude Include="..\..\..\addons\ofxAssimpModelLoader\src\ofxAssimpTexture.h">
			<Filter>addons\ofxAssimpModelLoader\src</Filter>
		</ClInclude>
		<ClInclude Include="..\..\..\addons\ofxAssimpModelLoader\libs\assimp\include\aiLight.h">
			<Filter>addons\ofxAssimpModelLoader\libs\assimp\include</Filter>
		</ClInclude>
		<ClInclude Include="..\..\..\addons\ofxAssimpModelLoader\libs\assimp\include\aiVector2D.h">
			<Filter>addons\ofxAssimpModelLoader\libs\assimp\include</Filter>
		</ClInclude>
		<ClInclude Include="..\..\..\addons\ofxAssimpModelLoader\libs\assimp\include\aiMesh.h">
			<Filter>addons\ofxAssimpModelLoader\libs\assimp\include</Filter>
		</ClInclude>
		<ClInclude Include="..\..\..\addons\ofxAssimpModelLoader\libs\assimp\include\aiMatrix3x3.h">
			<Filter>addons\ofxAssimpModelLoader\libs\assimp\include</Filter>
		</ClInclude>
		<ClInclude Include="..\..\..\addons\ofxAssimpModelLoader\libs\assimp\include\LogStream.h">
			<Filter>addons\ofxAssimpModelLoader\libs\assimp\include</Filter>
		</ClInclude>
		<ClInclude Include="..\..\..\addons\ofxAssimpModelLoader\libs\assimp\include\aiCamera.h">
			<Filter>addons\ofxAssimpModelLoader\libs\assimp\include</Filter>
		</ClInclude>
		<ClInclude Include="..\..\..\addons\ofxAssimpModelLoader\libs\assimp\include\Compiler\pushpack1.h">
			<Filter>addons\ofxAssimpModelLoader\libs\assimp\include\Compiler</Filter>
		</ClInclude>
		<ClInclude Include="..\..\..\addons\ofxAssimpModelLoader\libs\assimp\include\Compiler\poppack1.h">
			<Filter>addons\ofxAssimpModelLoader\libs\assimp\include\Compiler</Filter>
		</ClInclude>
		<ClInclude Include="..\..\..\addons\ofxAssimpModelLoader\libs\assimp\include\IOSystem.h">
			<Filter>addons\ofxAssimpModelLoader\libs\assimp\include</Filter>
		</ClInclude>
		<ClInclude Include="..\..\..\addons\ofxAssimpModelLoader\libs\assimp\include\NullLogger.h">
			<Filter>addons\ofxAssimpModelLoader\libs\assimp\include</Filter>
		</ClInclude>
		<ClInclude Include="..\..\..\addons\ofxAssimpModelLoader\libs\assimp\include\aiVersion.h">
			<Filter>addons\ofxAssimpModelLoader\libs\assimp\include</Filter>
		</ClInclude>
		<ClInclude Include="..\..\..\addons\ofxAssimpModelLoader\libs\assimp\include\aiMatrix4x4.h">
			<Filter>addons\ofxAssimpModelLoader\libs\assimp\include</Filter>
		</ClInclude>
		<ClInclude Include="..\..\..\addons\ofxAssimpModelLoader\libs\assimp\include\aiAssert.h">
			<Filter>addons\ofxAssimpModelLoader\libs\assimp\include</Filter>
		</ClInclude>
		<ClInclude Include="..\..\..\addons\ofxAssimpModelLoader\libs\assimp\include\aiScene.h">
			<Filter>addons\ofxAssimpModelLoader\libs\assimp\include</Filter>
		</ClInclude>
		<ClInclude Include="..\..\..\addons\ofxAssimpModelLoader\libs\assimp\include\aiTypes.h">
			<Filter>addons\ofxAssimpModelLoader\libs\assimp\include</Filter>
		</ClInclude>
		<ClInclude Include="..\..\..\addons\ofxAssimpModelLoader\libs\assimp\include\assimp.h">
			<Filter>addons\ofxAssimpModelLoader\libs\assimp\include</Filter>
		</ClInclude>
		<ClInclude Include="..\..\..\addons\ofxAssimpModelLoader\libs\assimp\include\aiAnim.h">
			<Filter>addons\ofxAssimpModelLoader\libs\assimp\include</Filter>
		</ClInclude>
		<ClInclude Include="..\..\..\addons\ofxAssimpModelLoader\libs\assimp\include\DefaultLogger.h">
			<Filter>addons\ofxAssimpModelLoader\libs\assimp\include</Filter>
		</ClInclude>
		<ClInclude Include="..\..\..\addons\ofxAssimpModelLoader\libs\assimp\include\assimp.hpp">
			<Filter>addons\ofxAssimpModelLoader\libs\assimp\include</Filter>
		</ClInclude>
		<ClInclude Include="..\..\..\addons\ofxAssimpModelLoader\libs\assimp\include\aiVector3D.h">
			<Filter>addons\ofxAssimpModelLoader\libs\assimp\include</Filter>
		</ClInclude>
		<ClInclude Include="..\..\..\addons\ofxAssimpModelLoader\libs\assimp\include\IOStream.h">
			<Filter>addons\ofxAssimpModelLoader\libs\assimp\include</Filter>
		</ClInclude>
		<ClInclude Include="..\..\..\addons\ofxAssimpModelLoader\libs\assimp\include\ProgressHandler.h">
			<Filter>addons\ofxAssimpModelLoader\libs\assimp\include</Filter>
		</ClInclude>
		<ClInclude Include="..\..\..\addons\ofxAssimpModelLoader\libs\assimp\include\aiQuaternion.h">
			<Filter>addons\ofxAssimpModelLoader\libs\assimp\include</Filter>
		</ClInclude>
		<ClInclude Include="..\..\..\addons\ofxAssimpModelLoader\libs\assimp\include\aiPostProcess.h">
			<Filter>addons\ofxAssimpModelLoader\libs\assimp\include</Filter>
		</ClInclude>
		<ClInclude Include="..\..\..\addons\ofxAssimpModelLoader\libs\assimp\include\Logger.h">
			<Filter>addons\ofxAssimpModelLoader\libs\assimp\include</Filter>
		</ClInclude>
		<ClInclude Include="..\..\..\addons\ofxAssimpModelLoader\libs\assimp\include\aiTexture.h">
			<Filter>addons\ofxAssimpModelLoader\libs\assimp\include</Filter>
		</ClInclude>
		<ClInclude Include="..\..\..\addons\ofxAssimpModelLoader\libs\assimp\include\aiMaterial.h">
			<Filter>addons\ofxAssimpModelLoader\libs\assimp\include</Filter>
		</ClInclude>
		<ClInclude Include="..\..\..\addons\ofxAssimpModelLoader\libs\assimp\include\aiDefines.h">
			<Filter>addons\ofxAssimpModelLoader\libs\assimp\include</Filter>
		</ClInclude>
		<ClInclude Include="..\..\..\addons\ofxAssimpModelLoader\libs\assimp\include\aiColor4D.h">
			<Filter>addons\ofxAssimpModelLoader\libs\assimp\include</Filter>
		</ClInclude>
		<ClInclude Include="..\..\..\addons\ofxAssimpModelLoader\libs\assimp\include\aiFileIO.h">
			<Filter>addons\ofxAssimpModelLoader\libs\assimp\include</Filter>
		</ClInclude>
		<ClInclude Include="..\..\..\addons\ofxAssimpModelLoader\libs\assimp\include\aiConfig.h">
			<Filter>addons\ofxAssimpModelLoader\libs\assimp\include</Filter>
		</ClInclude>
		<ClInclude Include="..\..\..\addons\ofxThreadedImageLoader\src\ofxThreadedImageLoader.h">
			<Filter>addons\ofxThreadedImageLoader\src</Filter>
		</ClInclude>
	</ItemGroup>
	<ItemGroup>
		<ResourceCompile Include="icon.rc" />
	</ItemGroup>
</Project>
