<?xml version="1.0"?>
<Project ToolsVersion="4.0" xmlns="http://schemas.microsoft.com/developer/msbuild/2003">
	<ItemGroup>
		<ClCompile Include="src\ofApp.cpp">
			<Filter>src</Filter>
		</ClCompile>
		<ClCompile Include="src\main.cpp">
			<Filter>src</Filter>
		</ClCompile>
		<ClCompile Include="..\..\..\addons\ofxVectorGraphics\src\ofxVectorGraphics.cpp">
			<Filter>addons\ofxVectorGraphics\src</Filter>
		</ClCompile>
		<ClCompile Include="..\..\..\addons\ofxVectorGraphics\libs\CreEPS.cpp">
			<Filter>addons\ofxVectorGraphics\libs</Filter>
		</ClCompile>
	</ItemGroup>
	<ItemGroup>
		<Filter Include="src">
			<UniqueIdentifier>{d8376475-7454-4a24-b08a-aac121d3ad6f}</UniqueIdentifier>
		</Filter>
		<Filter Include="addons">
			<UniqueIdentifier>{71834F65-F3A9-211E-73B8-DC85}</UniqueIdentifier>
		</Filter>
		<Filter Include="addons\ofxVectorGraphics">
			<UniqueIdentifier>{5A7F3658-B06B-DB97-F4E1-DD19}</UniqueIdentifier>
		</Filter>
		<Filter Include="addons\ofxVectorGraphics\src">
			<UniqueIdentifier>{F615F000-D48C-B1D6-F1C2-6EDD}</UniqueIdentifier>
		</Filter>
		<Filter Include="addons\ofxVectorGraphics\libs">
			<UniqueIdentifier>{B341F552-35C4-7EB6-B3C9-9D96}</UniqueIdentifier>
		</Filter>
	</ItemGroup>
	<ItemGroup>
		<ClInclude Include="src\ofApp.h">
			<Filter>src</Filter>
		</ClInclude>
		<ClInclude Include="..\..\..\addons\ofxVectorGraphics\src\ofxVectorGraphics.h">
			<Filter>addons\ofxVectorGraphics\src</Filter>
		</ClInclude>
		<ClInclude Include="..\..\..\addons\ofxVectorGraphics\libs\CreEPS.hpp">
			<Filter>addons\ofxVectorGraphics\libs</Filter>
		</ClInclude>
		<ClInclude Include="..\..\..\addons\ofxVectorGraphics\libs\CreEPS_Types.hpp">
			<Filter>addons\ofxVectorGraphics\libs</Filter>
		</ClInclude>
	</ItemGroup>
	<ItemGroup>
		<ResourceCompile Include="icon.rc" />
	</ItemGroup>
</Project>
