<?xml version="1.0"?>
<Project ToolsVersion="4.0" xmlns="http://schemas.microsoft.com/developer/msbuild/2003">
	<ItemGroup>
		<ClCompile Include="src\ofApp.cpp">
			<Filter>src</Filter>
		</ClCompile>
		<ClCompile Include="src\main.cpp">
			<Filter>src</Filter>
		</ClCompile>
		<ClCompile Include="..\..\..\addons\ofxSvg\src\ofxSvg.cpp">
			<Filter>addons\ofxSvg\src</Filter>
		</ClCompile>
		<ClCompile Include="..\..\..\addons\ofxSvg\libs\svgTiny\src\svgtiny_list.cpp">
			<Filter>addons\ofxSvg\libs\svgTiny\src</Filter>
		</ClCompile>
		<ClCompile Include="..\..\..\addons\ofxSvg\libs\svgTiny\src\svgtiny.cpp">
			<Filter>addons\ofxSvg\libs\svgTiny\src</Filter>
		</ClCompile>
		<ClCompile Include="..\..\..\addons\ofxSvg\libs\svgTiny\src\svgtiny_gradient.cpp">
			<Filter>addons\ofxSvg\libs\svgTiny\src</Filter>
		</ClCompile>
		<ClCompile Include="..\..\..\addons\ofxSvg\libs\svgTiny\src\src_colors.cpp">
			<Filter>addons\ofxSvg\libs\svgTiny\src</Filter>
		</ClCompile>
	</ItemGroup>
	<ItemGroup>
		<Filter Include="src">
			<UniqueIdentifier>{d8376475-7454-4a24-b08a-aac121d3ad6f}</UniqueIdentifier>
		</Filter>
		<Filter Include="addons">
			<UniqueIdentifier>{71834F65-F3A9-211E-73B8-DC85}</UniqueIdentifier>
		</Filter>
		<Filter Include="addons\ofxSvg">
			<UniqueIdentifier>{3DD76815-827C-5F89-582D-2CF4}</UniqueIdentifier>
		</Filter>
		<Filter Include="addons\ofxSvg\src">
			<UniqueIdentifier>{6A00B88F-1ADB-BB17-8276-ED19}</UniqueIdentifier>
		</Filter>
		<Filter Include="addons\ofxSvg\libs">
			<UniqueIdentifier>{C226E9C6-88C9-1F12-D422-3DA3}</UniqueIdentifier>
		</Filter>
		<Filter Include="addons\ofxSvg\libs\svgTiny">
			<UniqueIdentifier>{0A0E4783-DE3F-EB55-7775-3205}</UniqueIdentifier>
		</Filter>
		<Filter Include="addons\ofxSvg\libs\svgTiny\src">
			<UniqueIdentifier>{668F2528-598B-D351-B74F-9E6F}</UniqueIdentifier>
		</Filter>
	</ItemGroup>
	<ItemGroup>
		<ClInclude Include="src\ofApp.h">
			<Filter>src</Filter>
		</ClInclude>
		<ClInclude Include="..\..\..\addons\ofxSvg\src\ofxSvg.h">
			<Filter>addons\ofxSvg\src</Filter>
		</ClInclude>
		<ClInclude Include="..\..\..\addons\ofxSvg\libs\svgTiny\src\svgtiny.h">
			<Filter>addons\ofxSvg\libs\svgTiny\src</Filter>
		</ClInclude>
		<ClInclude Include="..\..\..\addons\ofxSvg\libs\svgTiny\src\svgtiny_internal.h">
			<Filter>addons\ofxSvg\libs\svgTiny\src</Filter>
		</ClInclude>
	</ItemGroup>
	<ItemGroup>
		<ResourceCompile Include="icon.rc" />
	</ItemGroup>
</Project>
